# THIS IS AN AUTOGENERATED FILE. DO NOT EDIT THIS FILE DIRECTLY.
# yarn lockfile v1


"@polymer/font-roboto@^0.0.3":
  version "0.0.3"
  resolved "https://registry.yarnpkg.com/@polymer/font-roboto/-/font-roboto-0.0.3.tgz#9d58edb660bbed2d4bd29d3bf9b21c20bddd6187"

"@polymer/iron-a11y-keys-behavior@^0.0.3":
  version "0.0.3"
  resolved "https://registry.yarnpkg.com/@polymer/iron-a11y-keys-behavior/-/iron-a11y-keys-behavior-0.0.3.tgz#82a9c535d01ae94cb33d9c071a9a543ebc2044c0"
  dependencies:
    "@polymer/polymer" "^1.2.5-npm-test.2"

"@polymer/iron-behaviors@^0.0.3":
  version "0.0.3"
  resolved "https://registry.yarnpkg.com/@polymer/iron-behaviors/-/iron-behaviors-0.0.3.tgz#027484885ddb924f99fa8083dfba810e39d2671b"
  dependencies:
    "@polymer/iron-a11y-keys-behavior" "^0.0.3"
    "@polymer/polymer" "^1.2.5-npm-test.2"

"@polymer/iron-checked-element-behavior@^0.0.3":
  version "0.0.3"
  resolved "https://registry.yarnpkg.com/@polymer/iron-checked-element-behavior/-/iron-checked-element-behavior-0.0.3.tgz#1e78b6a76751495350d51d9caaaf6c0f7f74bd7a"
  dependencies:
    "@polymer/iron-form-element-behavior" "^0.0.3"
    "@polymer/iron-validatable-behavior" "^0.0.3"
    "@polymer/polymer" "^1.2.5-npm-test.2"

"@polymer/iron-collapse@^0.0.3":
  version "0.0.3"
  resolved "https://registry.yarnpkg.com/@polymer/iron-collapse/-/iron-collapse-0.0.3.tgz#7e01a4ac79ce201e7d62bc2e34d4c36f08812fc2"
  dependencies:
    "@polymer/iron-resizable-behavior" "^0.0.3"
    "@polymer/polymer" "^1.2.5-npm-test.2"

"@polymer/iron-dropdown@^0.0.3":
  version "0.0.3"
  resolved "https://registry.yarnpkg.com/@polymer/iron-dropdown/-/iron-dropdown-0.0.3.tgz#ade1c67b8cb93465b6235f32b1755fec1b8147b2"
  dependencies:
    "@polymer/iron-a11y-keys-behavior" "^0.0.3"
    "@polymer/iron-behaviors" "^0.0.3"
    "@polymer/iron-overlay-behavior" "^0.0.3"
    "@polymer/iron-resizable-behavior" "^0.0.3"
    "@polymer/neon-animation" "^0.0.3"
    "@polymer/polymer" "^1.2.5-npm-test.2"

"@polymer/iron-fit-behavior@^0.0.3":
  version "0.0.3"
  resolved "https://registry.yarnpkg.com/@polymer/iron-fit-behavior/-/iron-fit-behavior-0.0.3.tgz#2d80399e4fabf4b75e081c5f81224ef9bfa98d4c"
  dependencies:
    "@polymer/polymer" "^1.2.5-npm-test.2"

"@polymer/iron-flex-layout@^0.0.3":
  version "0.0.3"
  resolved "https://registry.yarnpkg.com/@polymer/iron-flex-layout/-/iron-flex-layout-0.0.3.tgz#b7d7a732b1cbadfe6aa9500ca06f40d02578baf7"
  dependencies:
    "@polymer/polymer" "^1.2.5-npm-test.2"

"@polymer/iron-form-element-behavior@^0.0.3":
  version "0.0.3"
  resolved "https://registry.yarnpkg.com/@polymer/iron-form-element-behavior/-/iron-form-element-behavior-0.0.3.tgz#3564a2a51d8ccfdda4193d943d5fd0c12c463759"
  dependencies:
    "@polymer/polymer" "^1.2.5-npm-test.2"

"@polymer/iron-icon@^0.0.3":
  version "0.0.3"
  resolved "https://registry.yarnpkg.com/@polymer/iron-icon/-/iron-icon-0.0.3.tgz#e1b14afed4ad1106ed867d64ef01fe43f9b4e5e7"
  dependencies:
    "@polymer/iron-flex-layout" "^0.0.3"
    "@polymer/iron-meta" "^0.0.3"
    "@polymer/polymer" "^1.2.5-npm-test.2"

"@polymer/iron-icons@^0.0.3":
  version "0.0.3"
  resolved "https://registry.yarnpkg.com/@polymer/iron-icons/-/iron-icons-0.0.3.tgz#d672ab979bdcd4ded8027e8de23e8c51d0c7f4c6"
  dependencies:
    "@polymer/iron-icon" "^0.0.3"
    "@polymer/iron-iconset-svg" "^0.0.3"
    "@polymer/polymer" "^1.2.5-npm-test.2"

"@polymer/iron-iconset-svg@^0.0.3":
  version "0.0.3"
  resolved "https://registry.yarnpkg.com/@polymer/iron-iconset-svg/-/iron-iconset-svg-0.0.3.tgz#cd4cff5233f8061e3e0d34a65180b9a92085860a"
  dependencies:
    "@polymer/iron-meta" "^0.0.3"
    "@polymer/polymer" "^1.2.5-npm-test.2"

"@polymer/iron-menu-behavior@^0.0.3":
  version "0.0.3"
  resolved "https://registry.yarnpkg.com/@polymer/iron-menu-behavior/-/iron-menu-behavior-0.0.3.tgz#d6491a3b4d1c973cffd8099749dad171f4d73690"
  dependencies:
    "@polymer/iron-a11y-keys-behavior" "^0.0.3"
    "@polymer/iron-selector" "^0.0.3"
    "@polymer/polymer" "^1.2.5-npm-test.2"

"@polymer/iron-meta@^0.0.3":
  version "0.0.3"
  resolved "https://registry.yarnpkg.com/@polymer/iron-meta/-/iron-meta-0.0.3.tgz#a4cec8479bdaec66ff03749a59136f21fde01d70"
  dependencies:
    "@polymer/polymer" "^1.2.5-npm-test.2"

"@polymer/iron-overlay-behavior@^0.0.3":
  version "0.0.3"
  resolved "https://registry.yarnpkg.com/@polymer/iron-overlay-behavior/-/iron-overlay-behavior-0.0.3.tgz#4c5cbbb91b9240bb6f824040ce97f617f5ee7756"
  dependencies:
    "@polymer/iron-fit-behavior" "^0.0.3"
    "@polymer/iron-resizable-behavior" "^0.0.3"
    "@polymer/polymer" "^1.2.5-npm-test.2"

"@polymer/iron-resizable-behavior@^0.0.3":
  version "0.0.3"
  resolved "https://registry.yarnpkg.com/@polymer/iron-resizable-behavior/-/iron-resizable-behavior-0.0.3.tgz#205470f84070654909a360b533b6599b2d806354"
  dependencies:
    "@polymer/polymer" "^1.2.5-npm-test.2"

"@polymer/iron-selector@^0.0.3":
  version "0.0.3"
  resolved "https://registry.yarnpkg.com/@polymer/iron-selector/-/iron-selector-0.0.3.tgz#cde0bb7b9845ddb3f6dfc93ada147426ccebdfb9"
  dependencies:
    "@polymer/polymer" "^1.2.5-npm-test.2"

"@polymer/iron-validatable-behavior@^0.0.3":
  version "0.0.3"
  resolved "https://registry.yarnpkg.com/@polymer/iron-validatable-behavior/-/iron-validatable-behavior-0.0.3.tgz#438747173d2b1d3bc1a08458a55ed31c9b4f192f"
  dependencies:
    "@polymer/iron-meta" "^0.0.3"
    "@polymer/polymer" "^1.2.5-npm-test.2"

"@polymer/neon-animation@^0.0.3":
  version "0.0.3"
  resolved "https://registry.yarnpkg.com/@polymer/neon-animation/-/neon-animation-0.0.3.tgz#93e9eebcdf023c7b42d9a7d7f41fb1934b500b22"
  dependencies:
    "@polymer/iron-meta" "^0.0.3"
    "@polymer/iron-resizable-behavior" "^0.0.3"
    "@polymer/iron-selector" "^0.0.3"
    "@polymer/polymer" "^1.2.5-npm-test.2"
    web-animations-js "2.1.3"

"@polymer/paper-behaviors@^0.0.3":
  version "0.0.3"
  resolved "https://registry.yarnpkg.com/@polymer/paper-behaviors/-/paper-behaviors-0.0.3.tgz#79a39b1dc62c067a179efa70c4f34e1fb8de9a6f"
  dependencies:
    "@polymer/iron-behaviors" "^0.0.3"
    "@polymer/iron-checked-element-behavior" "^0.0.3"
    "@polymer/paper-ripple" "^0.0.3"
    "@polymer/polymer" "^1.2.5-npm-test.2"

"@polymer/paper-icon-button@^0.0.3":
  version "0.0.3"
  resolved "https://registry.yarnpkg.com/@polymer/paper-icon-button/-/paper-icon-button-0.0.3.tgz#446909a67334c3e8c6d9f0f4711ad82b4fa32fb4"
  dependencies:
    "@polymer/iron-flex-layout" "^0.0.3"
    "@polymer/iron-icon" "^0.0.3"
    "@polymer/iron-icons" "^0.0.3"
    "@polymer/paper-behaviors" "^0.0.3"
    "@polymer/paper-ripple" "^0.0.3"
    "@polymer/paper-styles" "^0.0.3"
    "@polymer/polymer" "^1.2.5-npm-test.2"

"@polymer/paper-item@^0.0.3":
  version "0.0.3"
  resolved "https://registry.yarnpkg.com/@polymer/paper-item/-/paper-item-0.0.3.tgz#db20d1f90ae1f6a3a2f5345c1da43457f96a800d"
  dependencies:
    "@polymer/iron-behaviors" "^0.0.3"
    "@polymer/iron-flex-layout" "^0.0.3"
    "@polymer/paper-styles" "^0.0.3"
    "@polymer/polymer" "^1.2.5-npm-test.2"

"@polymer/paper-listbox@^0.0.3":
  version "0.0.3"
  resolved "https://registry.yarnpkg.com/@polymer/paper-listbox/-/paper-listbox-0.0.3.tgz#145a68f41a8ffebca5a6a8d47640e113e0ffa591"
  dependencies:
    "@polymer/iron-behaviors" "^0.0.3"
    "@polymer/iron-collapse" "^0.0.3"
    "@polymer/iron-menu-behavior" "^0.0.3"
    "@polymer/paper-styles" "^0.0.3"
    "@polymer/polymer" "^1.2.5-npm-test.2"

"@polymer/paper-material@^0.0.3":
  version "0.0.3"
  resolved "https://registry.yarnpkg.com/@polymer/paper-material/-/paper-material-0.0.3.tgz#f15d36e9bda705c2969c70564730a646c02c26c2"
  dependencies:
    "@polymer/paper-styles" "^0.0.3"
    "@polymer/polymer" "^1.2.5-npm-test.2"

"@polymer/paper-menu-button@^0.0.3":
  version "0.0.3"
  resolved "https://registry.yarnpkg.com/@polymer/paper-menu-button/-/paper-menu-button-0.0.3.tgz#f41d6c87b7ab983d185f44c4c9733e442262fbcd"
  dependencies:
    "@polymer/iron-a11y-keys-behavior" "^0.0.3"
    "@polymer/iron-behaviors" "^0.0.3"
    "@polymer/iron-dropdown" "^0.0.3"
    "@polymer/neon-animation" "^0.0.3"
    "@polymer/paper-material" "^0.0.3"
    "@polymer/paper-styles" "^0.0.3"
    "@polymer/polymer" "^1.2.5-npm-test.2"

"@polymer/paper-ripple@^0.0.3":
  version "0.0.3"
  resolved "https://registry.yarnpkg.com/@polymer/paper-ripple/-/paper-ripple-0.0.3.tgz#2b722947a852825233967606cd5fcf590eb7d829"
  dependencies:
    "@polymer/iron-a11y-keys-behavior" "^0.0.3"
    "@polymer/polymer" "^1.2.5-npm-test.2"

"@polymer/paper-styles@^0.0.3":
  version "0.0.3"
  resolved "https://registry.yarnpkg.com/@polymer/paper-styles/-/paper-styles-0.0.3.tgz#b8466a047807d6fc63c24fa71b486c975cc75379"
  dependencies:
    "@polymer/font-roboto" "^0.0.3"
    "@polymer/iron-flex-layout" "^0.0.3"
    "@polymer/polymer" "^1.2.5-npm-test.2"

"@polymer/polymer@2.2.0", "@polymer/polymer@^1.2.5-npm-test.2", "@polymer/polymer@^2.2.0":
  version "2.2.0"
  resolved "https://registry.yarnpkg.com/@polymer/polymer/-/polymer-2.2.0.tgz#aa3b1cd94b7c32e3a365ae6acec6421def0f5fac"

web-animations-js@2.1.3:
  version "2.1.3"
  resolved "https://registry.yarnpkg.com/web-animations-js/-/web-animations-js-2.1.3.tgz#fb3fc56a40a2fb804866386fcf1a414265c48b49"

webcomponents.js@^0.7.20:
  version "0.7.24"
  resolved "https://registry.yarnpkg.com/webcomponents.js/-/webcomponents.js-0.7.24.tgz#2116fbfa1468ec416a7befdaa333e1d118f69c04"
